
Microsoft Visual Studio Solution File, Format Version 12.00
# Visual Studio Version 17
VisualStudioVersion = 17.8.34525.116
MinimumVisualStudioVersion = 10.0.40219.1
Project("{FAE04EC0-301F-11D3-BF4B-00C04F79EFBC}") = "Administracion Hotelera API", "Administracion Hotelera API.csproj", "{C6B8B42D-F994-4F28-9A48-23FF3CE7BB12}"
EndProject
Global
	GlobalSection(SolutionConfigurationPlatforms) = preSolution
		Debug|Any CPU = Debug|Any CPU
		Release|Any CPU = Release|Any CPU
	EndGlobalSection
	GlobalSection(ProjectConfigurationPlatforms) = postSolution
		{C6B8B42D-F994-4F28-9A48-23FF3CE7BB12}.Debug|Any CPU.ActiveCfg = Debug|Any CPU
		{C6B8B42D-F994-4F28-9A48-23FF3CE7BB12}.Debug|Any CPU.Build.0 = Debug|Any CPU
		{C6B8B42D-F994-4F28-9A48-23FF3CE7BB12}.Release|Any CPU.ActiveCfg = Release|Any CPU
		{C6B8B42D-F994-4F28-9A48-23FF3CE7BB12}.Release|Any CPU.Build.0 = Release|Any CPU
	EndGlobalSection
	GlobalSection(SolutionProperties) = preSolution
		HideSolutionNode = FALSE
	EndGlobalSection
	GlobalSection(ExtensibilityGlobals) = postSolution
		SolutionGuid = {D5B0D8A2-52A7-4172-B132-07C996263FEE}
	EndGlobalSection
EndGlobal
